
Microsoft Visual Studio Solution File, Format Version 12.00
# Visual Studio Version 17
VisualStudioVersion = 17.13.35825.156
MinimumVisualStudioVersion = 10.0.40219.1
Project("{FAE04EC0-301F-11D3-BF4B-00C04F79EFBC}") = "StarCraftKeyManager", "StarCraftKeyManager\StarCraftKeyManager.csproj", "{A42076F1-ACF8-48E3-8B50-6D2F10178140}"
EndProject
Project("{FAE04EC0-301F-11D3-BF4B-00C04F79EFBC}") = "StarCraftKeyManager.Tests", "StarCraftKeyManager.Tests\StarCraftKeyManager.Tests.csproj", "{A48680A8-B92E-400A-B481-84FA5FA08141}"
	ProjectSection(ProjectDependencies) = postProject
		{A42076F1-ACF8-48E3-8B50-6D2F10178140} = {A42076F1-ACF8-48E3-8B50-6D2F10178140}
	EndProjectSection
EndProject
Global
	GlobalSection(SolutionConfigurationPlatforms) = preSolution
		Debug|Any CPU = Debug|Any CPU
		Debug|x64 = Debug|x64
		Release|Any CPU = Release|Any CPU
		Release|x64 = Release|x64
	EndGlobalSection
	GlobalSection(ProjectConfigurationPlatforms) = postSolution
		{A42076F1-ACF8-48E3-8B50-6D2F10178140}.Debug|Any CPU.ActiveCfg = Debug|Any CPU
		{A42076F1-ACF8-48E3-8B50-6D2F10178140}.Debug|Any CPU.Build.0 = Debug|Any CPU
		{A42076F1-ACF8-48E3-8B50-6D2F10178140}.Debug|x64.ActiveCfg = Debug|x64
		{A42076F1-ACF8-48E3-8B50-6D2F10178140}.Debug|x64.Build.0 = Debug|x64
		{A42076F1-ACF8-48E3-8B50-6D2F10178140}.Release|Any CPU.ActiveCfg = Release|Any CPU
		{A42076F1-ACF8-48E3-8B50-6D2F10178140}.Release|Any CPU.Build.0 = Release|Any CPU
		{A42076F1-ACF8-48E3-8B50-6D2F10178140}.Release|x64.ActiveCfg = Release|x64
		{A42076F1-ACF8-48E3-8B50-6D2F10178140}.Release|x64.Build.0 = Release|x64
		{A48680A8-B92E-400A-B481-84FA5FA08141}.Debug|Any CPU.ActiveCfg = Debug|Any CPU
		{A48680A8-B92E-400A-B481-84FA5FA08141}.Debug|Any CPU.Build.0 = Debug|Any CPU
		{A48680A8-B92E-400A-B481-84FA5FA08141}.Debug|x64.ActiveCfg = Debug|x64
		{A48680A8-B92E-400A-B481-84FA5FA08141}.Debug|x64.Build.0 = Debug|x64
		{A48680A8-B92E-400A-B481-84FA5FA08141}.Release|Any CPU.ActiveCfg = Release|Any CPU
		{A48680A8-B92E-400A-B481-84FA5FA08141}.Release|Any CPU.Build.0 = Release|Any CPU
		{A48680A8-B92E-400A-B481-84FA5FA08141}.Release|x64.ActiveCfg = Release|x64
		{A48680A8-B92E-400A-B481-84FA5FA08141}.Release|x64.Build.0 = Release|x64
	EndGlobalSection
	GlobalSection(SolutionProperties) = preSolution
		HideSolutionNode = FALSE
	EndGlobalSection
	GlobalSection(ExtensibilityGlobals) = postSolution
		SolutionGuid = {19701DC5-EFC9-4EE1-A7D8-54C2286B11C1}
	EndGlobalSection
EndGlobal
